github.com/alecthomas/kong v0.2.2/go.mod h1:kQOmtJgV+Lb4aj+I2LEn40cbtawdWJ9Y8QLq+lElKxE=
github.com/alecthomas/kong v0.2.17 h1:URDISCI96MIgcIlQyoCAlhOmrSw6pZScBNkctg8r0W0=
github.com/alecthomas/kong v0.2.17/go.mod h1:ka3VZ8GZNPXv9Ov+j4YNLkI8mTuhXyr/0ktSlqIydQQ=
github.com/aws/aws-sdk-go-v2 v1.8.0/go.mod h1:xEFuWz+3TYdlPRuo+CqATbeDWIWyaT5uAPwPaWtgse0=
github.com/aws/aws-sdk-go-v2 v1.9.0 h1:+S+dSqQCN3MSU5vJRu1HqHrq00cJn6heIMU7X9hcsoo=
github.com/aws/aws-sdk-go-v2 v1.9.0/go.mod h1:cK/D0BBs0b/oWPIcX/Z/obahJK1TT7IPVjy53i/mX/4=
github.com/aws/aws-sdk-go-v2/config v1.8.1 h1:AcAenV2NVwOViG+3ts73uT08L1olN4NBNNz7lUlHSUo=
github.com/aws/aws-sdk-go-v2/config v1.8.1/go.mod h1:AQtpYfVYjuuft4Dgh0jGSkPQJ9MvmK9vXfSub7oSXlI=
github.com/aws/aws-sdk-go-v2/credentials v1.4.1 h1:oDiUP50hKRwC6xAgESAj46lgL2prJRZQWnCBzn+TU/c=
github.com/aws/aws-sdk-go-v2/credentials v1.4.1/go.mod h1:dgGR+Qq7Wjcd4AOAW5Rf5Tnv3+x7ed6kETXyS9WCuAY=
github.com/aws/aws-sdk-go-v2/feature/ec2/imds v1.5.0 h1:OxTAgH8Y4BXHD6PGCJ8DHx2kaZPCQfSTqmDsdRZFezE=
github.com/aws/aws-sdk-go-v2/feature/ec2/imds v1.5.0/go.mod h1:CpNzHK9VEFUCknu50kkB8z58AH2B5DvPP7ea1LHve/Y=
github.com/aws/aws-sdk-go-v2/internal/ini v1.2.2 h1:d95cddM3yTm4qffj3P6EnP+TzX1SSkWaQypXSgT/hpA=
github.com/aws/aws-sdk-go-v2/internal/ini v1.2.2/go.mod h1:BQV0agm+JEhqR+2RT5e1XTFIDcAAV0eW6z2trp+iduw=
github.com/aws/aws-sdk-go-v2/service/internal/accept-encoding v1.2.2 h1:YcGVEqLQGHDa81776C3daai6ZkkRGf/8RAQ07hV0QcU=
github.com/aws/aws-sdk-go-v2/service/internal/accept-encoding v1.2.2/go.mod h1:EASdTcM1lGhUe1/p4gkojHwlGJkeoRjjr1sRCzup3Is=
github.com/aws/aws-sdk-go-v2/service/internal/presigned-url v1.2.2/go.mod h1:NXmNI41bdEsJMrD0v9rUvbGCB5GwdBEpKvUvIY3vTFg=
github.com/aws/aws-sdk-go-v2/service/internal/presigned-url v1.3.0 h1:VNJ5NLBteVXEwE2F1zEXVmyIH58mZ6kIQGJoC7C+vkg=
github.com/aws/aws-sdk-go-v2/service/internal/presigned-url v1.3.0/go.mod h1:R1KK+vY8AfalhG1AOu5e35pOD2SdoPKQCFLTvnxiohk=
github.com/aws/aws-sdk-go-v2/service/internal/s3shared v1.5.2 h1:ewIpdVz12MDinJJB/nu1uUiFIWFnvtd3iV7cEW7lR+M=
github.com/aws/aws-sdk-go-v2/service/internal/s3shared v1.5.2/go.mod h1:QuL2Ym8BkrLmN4lUofXYq6000/i5jPjosCNK//t6gak=
github.com/aws/aws-sdk-go-v2/service/s3 v1.12.0 h1:cxZbzTYXgiQrZ6u2/RJZAkkgZssqYOdydvJPBgIHlsM=
github.com/aws/aws-sdk-go-v2/service/s3 v1.12.0/go.mod h1:6J++A5xpo7QDsIeSqPK4UHqMSyPOCopa+zKtqAMhqVQ=
github.com/aws/aws-sdk-go-v2/service/sso v1.4.0 h1:sHXMIKYS6YiLPzmKSvDpPmOpJDHxmAUgbiF49YNVztg=
github.com/aws/aws-sdk-go-v2/service/sso v1.4.0/go.mod h1:+1fpWnL96DL23aXPpMGbsmKe8jLTEfbjuQoA4WS1VaA=
github.com/aws/aws-sdk-go-v2/service/sts v1.7.0 h1:1at4e5P+lvHNl2nUktdM2/v+rpICg/QSEr9TO/uW9vU=
github.com/aws/aws-sdk-go-v2/service/sts v1.7.0/go.mod h1:0qcSMCyASQPN2sk/1KQLQ2Fh6yq8wm0HSDAimPhzCoM=
github.com/aws/smithy-go v1.7.0/go.mod h1:SObp3lf9smib00L/v3U2eAKG8FyQ7iLrJnQiAmR5n+E=
github.com/aws/smithy-go v1.8.0 h1:AEwwwXQZtUwP5Mz506FeXXrKBe0jA8gVM+1gEcSRooc=
github.com/aws/smithy-go v1.8.0/go.mod h1:SObp3lf9smib00L/v3U2eAKG8FyQ7iLrJnQiAmR5n+E=
github.com/davecgh/go-spew v1.1.0/go.mod h1:J7Y8YcW2NihsgmVo/mv3lAwl/skON4iLHjSsI+c5H38=
github.com/davecgh/go-spew v1.1.1 h1:vj9j/u1bqnvCEfJOwUhtlOARqs3+rkHYY13jYWTU97c=
github.com/davecgh/go-spew v1.1.1/go.mod h1:J7Y8YcW2NihsgmVo/mv3lAwl/skON4iLHjSsI+c5H38=
github.com/google/go-cmp v0.5.4/go.mod h1:v8dTdLbMG2kIc/vJvl+f65V22dbkXbowE6jgT/gNBxE=
github.com/google/go-cmp v0.5.6 h1:BKbKCqvP6I+rmFHt06ZmyQtvB8xAkWdhFyr0ZUNZcxQ=
github.com/google/go-cmp v0.5.6/go.mod h1:v8dTdLbMG2kIc/vJvl+f65V22dbkXbowE6jgT/gNBxE=
github.com/hashicorp/errwrap v1.0.0 h1:hLrqtEDnRye3+sgx6z4qVLNuviH3MR5aQ0ykNJa/UYA=
github.com/hashicorp/errwrap v1.0.0/go.mod h1:YH+1FKiLXxHSkmPseP+kNlulaMuP3n2brvKWEqk/Jc4=
github.com/hashicorp/go-multierror v1.0.0 h1:iVjPR7a6H0tWELX5NxNe7bYopibicUzc7uPribsnS6o=
github.com/hashicorp/go-multierror v1.0.0/go.mod h1:dHtQlpGsu+cZNNAkkCN/P3hoUDHhCYQXV3UM06sGGrk=
github.com/jmespath/go-jmespath v0.4.0/go.mod h1:T8mJZnbsbmF+m6zOOFylbeCJqk5+pHWvzYPziyZiYoo=
github.com/jmespath/go-jmespath/internal/testify v1.5.1/go.mod h1:L3OGu8Wl2/fWfCI6z80xFu9LTZmf1ZRjMHUOPmWr69U=
github.com/pkg/errors v0.8.1/go.mod h1:bwawxfHBFNV+L2hUp1rHADufV3IMtnDRdf1r5NINEl0=
github.com/pkg/errors v0.9.1 h1:FEBLx1zS214owpjy7qsBeixbURkuhQAwrK5UwLGTwt4=
github.com/pkg/errors v0.9.1/go.mod h1:bwawxfHBFNV+L2hUp1rHADufV3IMtnDRdf1r5NINEl0=
github.com/pmezard/go-difflib v1.0.0 h1:4DBwDE0NGyQoBHbLQYPwSUPoCMWR5BEzIk/f1lZbAQM=
github.com/pmezard/go-difflib v1.0.0/go.mod h1:iKH77koFhYxTK1pcRnkKkqfTogsbg7gZNVY4sRDYZ/4=
github.com/posener/complete v1.2.3 h1:NP0eAhjcjImqslEwo/1hq7gpajME0fTLTezBKDqfXqo=
github.com/posener/complete v1.2.3/go.mod h1:WZIdtGGp+qx0sLrYKtIRAruyNpv6hFCicSgv7Sy7s/s=
github.com/stretchr/objx v0.1.0/go.mod h1:HFkY916IF+rwdDfMAkV7OtwuqBVzrE8GR6GFx+wExME=
github.com/stretchr/testify v1.2.2/go.mod h1:a8OnRcib4nhh0OaRAV+Yts87kKdq0PP7pXfy6kDkUVs=
github.com/stretchr/testify v1.4.0/go.mod h1:j7eGeouHqKxXV5pUuKE4zz7dFj8WfuZ+81PSLYec5m4=
github.com/stretchr/testify v1.7.0 h1:nwc3DEeHmmLAfoZucVR881uASk0Mfjw8xYJ99tb5CcY=
github.com/stretchr/testify v1.7.0/go.mod h1:6Fq8oRcR53rry900zMqJjRRixrwX3KX962/h/Wwjteg=
github.com/willabides/kongplete v0.2.0 h1:C6wYVn+IPyA8rAGRGLLkuxhhSQTEECX4t8u3gi+fuD0=
github.com/willabides/kongplete v0.2.0/go.mod h1:kFVw+PkQsqkV7O4tfIBo6iJ9qY94PJC8sPfMgFG5AdM=
golang.org/x/xerrors v0.0.0-20191204190536-9bdfabe68543/go.mod h1:I/5z698sn9Ka8TeJc9MKroUUfqBBauWjQqLJ2OPfmY0=
golang.org/x/xerrors v0.0.0-20200804184101-5ec99f83aff1 h1:go1bK/D/BFZV2I8cIQd1NKEZ+0owSTG1fDTci4IqFcE=
golang.org/x/xerrors v0.0.0-20200804184101-5ec99f83aff1/go.mod h1:I/5z698sn9Ka8TeJc9MKroUUfqBBauWjQqLJ2OPfmY0=
gopkg.in/check.v1 v0.0.0-20161208181325-20d25e280405/go.mod h1:Co6ibVJAznAaIkqp8huTwlJQCZ016jof/cbN4VW5Yz0=
gopkg.in/yaml.v2 v2.2.2/go.mod h1:hI93XBmqTisBFMUTm0b8Fm+jr3Dg1NNxqwp+5A1VGuI=
gopkg.in/yaml.v2 v2.2.8/go.mod h1:hI93XBmqTisBFMUTm0b8Fm+jr3Dg1NNxqwp+5A1VGuI=
gopkg.in/yaml.v3 v3.0.0-20200313102051-9f266ea9e77c/go.mod h1:K4uyk7z7BCEPqu6E+C64Yfv1cQ7kz7rIZviUmN+EgEM=
gopkg.in/yaml.v3 v3.0.0-20210107192922-496545a6307b h1:h8qDotaEPuJATrMmW04NCwg7v22aHH28wwpauUhK9Oo=
gopkg.in/yaml.v3 v3.0.0-20210107192922-496545a6307b/go.mod h1:K4uyk7z7BCEPqu6E+C64Yfv1cQ7kz7rIZviUmN+EgEM=
